
Microsoft Visual Studio Solution File, Format Version 12.00
# Visual Studio Version 17
VisualStudioVersion = 17.13.35919.96 d17.13
MinimumVisualStudioVersion = 10.0.40219.1
Project("{FAE04EC0-301F-11D3-BF4B-00C04F79EFBC}") = "Simulacro2", "Simulacro2\Simulacro2.csproj", "{C47CE32F-F811-4493-91E7-1ED2D52F650D}"
EndProject
Global
	GlobalSection(SolutionConfigurationPlatforms) = preSolution
		Debug|Any CPU = Debug|Any CPU
		Release|Any CPU = Release|Any CPU
	EndGlobalSection
	GlobalSection(ProjectConfigurationPlatforms) = postSolution
		{C47CE32F-F811-4493-91E7-1ED2D52F650D}.Debug|Any CPU.ActiveCfg = Debug|Any CPU
		{C47CE32F-F811-4493-91E7-1ED2D52F650D}.Debug|Any CPU.Build.0 = Debug|Any CPU
		{C47CE32F-F811-4493-91E7-1ED2D52F650D}.Release|Any CPU.ActiveCfg = Release|Any CPU
		{C47CE32F-F811-4493-91E7-1ED2D52F650D}.Release|Any CPU.Build.0 = Release|Any CPU
	EndGlobalSection
	GlobalSection(SolutionProperties) = preSolution
		HideSolutionNode = FALSE
	EndGlobalSection
	GlobalSection(ExtensibilityGlobals) = postSolution
		SolutionGuid = {718FE395-0E1F-4820-8179-4DE919E8C18F}
	EndGlobalSection
EndGlobal
